
Microsoft Visual Studio Solution File, Format Version 12.00
# Visual Studio Version 16
VisualStudioVersion = 16.0.29409.12
MinimumVisualStudioVersion = 10.0.40219.1
Project("{FAE04EC0-301F-11D3-BF4B-00C04F79EFBC}") = "GraphFinalProject", "GraphFinalProject\GraphFinalProject.csproj", "{B39175E8-4E8D-4EC1-B921-F99D9CB84E3D}"
EndProject
Global
	GlobalSection(SolutionConfigurationPlatforms) = preSolution
		Debug|Any CPU = Debug|Any CPU
		Release|Any CPU = Release|Any CPU
	EndGlobalSection
	GlobalSection(ProjectConfigurationPlatforms) = postSolution
		{B39175E8-4E8D-4EC1-B921-F99D9CB84E3D}.Debug|Any CPU.ActiveCfg = Debug|Any CPU
		{B39175E8-4E8D-4EC1-B921-F99D9CB84E3D}.Debug|Any CPU.Build.0 = Debug|Any CPU
		{B39175E8-4E8D-4EC1-B921-F99D9CB84E3D}.Release|Any CPU.ActiveCfg = Release|Any CPU
		{B39175E8-4E8D-4EC1-B921-F99D9CB84E3D}.Release|Any CPU.Build.0 = Release|Any CPU
	EndGlobalSection
	GlobalSection(SolutionProperties) = preSolution
		HideSolutionNode = FALSE
	EndGlobalSection
	GlobalSection(ExtensibilityGlobals) = postSolution
		SolutionGuid = {11C8122B-DD8F-4F65-BF50-9A74FFC8718F}
	EndGlobalSection
EndGlobal
